
Microsoft Visual Studio Solution File, Format Version 12.00
# Visual Studio 15
VisualStudioVersion = 15.0.28306.52
MinimumVisualStudioVersion = 10.0.40219.1
Project("{FAE04EC0-301F-11D3-BF4B-00C04F79EFBC}") = "Bhoba", "Bhoba\Bhoba.csproj", "{63C7705D-6E55-4189-9C8F-56BCBAE18A4E}"
EndProject
Global
	GlobalSection(SolutionConfigurationPlatforms) = preSolution
		Debug|Any CPU = Debug|Any CPU
		Release|Any CPU = Release|Any CPU
	EndGlobalSection
	GlobalSection(ProjectConfigurationPlatforms) = postSolution
		{63C7705D-6E55-4189-9C8F-56BCBAE18A4E}.Debug|Any CPU.ActiveCfg = Debug|Any CPU
		{63C7705D-6E55-4189-9C8F-56BCBAE18A4E}.Debug|Any CPU.Build.0 = Debug|Any CPU
		{63C7705D-6E55-4189-9C8F-56BCBAE18A4E}.Release|Any CPU.ActiveCfg = Release|Any CPU
		{63C7705D-6E55-4189-9C8F-56BCBAE18A4E}.Release|Any CPU.Build.0 = Release|Any CPU
	EndGlobalSection
	GlobalSection(SolutionProperties) = preSolution
		HideSolutionNode = FALSE
	EndGlobalSection
	GlobalSection(ExtensibilityGlobals) = postSolution
		SolutionGuid = {C24FA2A9-15F8-4A02-817B-CD0054B020C1}
	EndGlobalSection
EndGlobal
